
Microsoft Visual Studio Solution File, Format Version 12.00
# Visual Studio Version 16
VisualStudioVersion = 16.0.29102.190
MinimumVisualStudioVersion = 10.0.40219.1
Project("{FAE04EC0-301F-11D3-BF4B-00C04F79EFBC}") = "DataGridViewExample", "DataGridViewExample\DataGridViewExample.csproj", "{867AEBB5-2AD1-4B26-8C72-6823B3070FDC}"
EndProject
Global
	GlobalSection(SolutionConfigurationPlatforms) = preSolution
		Debug|Any CPU = Debug|Any CPU
		Release|Any CPU = Release|Any CPU
	EndGlobalSection
	GlobalSection(ProjectConfigurationPlatforms) = postSolution
		{867AEBB5-2AD1-4B26-8C72-6823B3070FDC}.Debug|Any CPU.ActiveCfg = Debug|Any CPU
		{867AEBB5-2AD1-4B26-8C72-6823B3070FDC}.Debug|Any CPU.Build.0 = Debug|Any CPU
		{867AEBB5-2AD1-4B26-8C72-6823B3070FDC}.Release|Any CPU.ActiveCfg = Release|Any CPU
		{867AEBB5-2AD1-4B26-8C72-6823B3070FDC}.Release|Any CPU.Build.0 = Release|Any CPU
	EndGlobalSection
	GlobalSection(SolutionProperties) = preSolution
		HideSolutionNode = FALSE
	EndGlobalSection
	GlobalSection(ExtensibilityGlobals) = postSolution
		SolutionGuid = {D8453191-2A39-45A0-B485-8F220F39FBB6}
	EndGlobalSection
EndGlobal
