
Microsoft Visual Studio Solution File, Format Version 12.00
# Visual Studio Version 16
VisualStudioVersion = 16.0.29102.190
MinimumVisualStudioVersion = 10.0.40219.1
Project("{FAE04EC0-301F-11D3-BF4B-00C04F79EFBC}") = "SistemaCarros", "SistemaCarros\SistemaCarros.csproj", "{029BF499-5447-4E7B-A2EA-CA19C0A59764}"
EndProject
Global
	GlobalSection(SolutionConfigurationPlatforms) = preSolution
		Debug|Any CPU = Debug|Any CPU
		Release|Any CPU = Release|Any CPU
	EndGlobalSection
	GlobalSection(ProjectConfigurationPlatforms) = postSolution
		{029BF499-5447-4E7B-A2EA-CA19C0A59764}.Debug|Any CPU.ActiveCfg = Debug|Any CPU
		{029BF499-5447-4E7B-A2EA-CA19C0A59764}.Debug|Any CPU.Build.0 = Debug|Any CPU
		{029BF499-5447-4E7B-A2EA-CA19C0A59764}.Release|Any CPU.ActiveCfg = Release|Any CPU
		{029BF499-5447-4E7B-A2EA-CA19C0A59764}.Release|Any CPU.Build.0 = Release|Any CPU
	EndGlobalSection
	GlobalSection(SolutionProperties) = preSolution
		HideSolutionNode = FALSE
	EndGlobalSection
	GlobalSection(ExtensibilityGlobals) = postSolution
		SolutionGuid = {5E7B9FD3-0F0A-4927-A319-0B1E4297EC7D}
	EndGlobalSection
EndGlobal
