
Microsoft Visual Studio Solution File, Format Version 12.00
# Visual Studio Version 16
VisualStudioVersion = 16.0.29102.190
MinimumVisualStudioVersion = 10.0.40219.1
Project("{FAE04EC0-301F-11D3-BF4B-00C04F79EFBC}") = "WPFApp", "WPFApp\WPFApp.csproj", "{D2AFE8DB-41B0-401F-9677-59ACAECE78C7}"
EndProject
Global
	GlobalSection(SolutionConfigurationPlatforms) = preSolution
		Debug|Any CPU = Debug|Any CPU
		Release|Any CPU = Release|Any CPU
	EndGlobalSection
	GlobalSection(ProjectConfigurationPlatforms) = postSolution
		{D2AFE8DB-41B0-401F-9677-59ACAECE78C7}.Debug|Any CPU.ActiveCfg = Debug|Any CPU
		{D2AFE8DB-41B0-401F-9677-59ACAECE78C7}.Debug|Any CPU.Build.0 = Debug|Any CPU
		{D2AFE8DB-41B0-401F-9677-59ACAECE78C7}.Release|Any CPU.ActiveCfg = Release|Any CPU
		{D2AFE8DB-41B0-401F-9677-59ACAECE78C7}.Release|Any CPU.Build.0 = Release|Any CPU
	EndGlobalSection
	GlobalSection(SolutionProperties) = preSolution
		HideSolutionNode = FALSE
	EndGlobalSection
	GlobalSection(ExtensibilityGlobals) = postSolution
		SolutionGuid = {682E397C-EDEC-4001-9872-28AE2A2B123E}
	EndGlobalSection
EndGlobal
