
Microsoft Visual Studio Solution File, Format Version 12.00
# Visual Studio Version 16
VisualStudioVersion = 16.0.29020.237
MinimumVisualStudioVersion = 10.0.40219.1
Project("{FAE04EC0-301F-11D3-BF4B-00C04F79EFBC}") = "InsertAndRemoveInList", "InsertAndRemoveInList.csproj", "{D6D15E73-16A0-44DD-BF2E-552F24AC57FF}"
EndProject
Global
	GlobalSection(SolutionConfigurationPlatforms) = preSolution
		Debug|Any CPU = Debug|Any CPU
		Release|Any CPU = Release|Any CPU
	EndGlobalSection
	GlobalSection(ProjectConfigurationPlatforms) = postSolution
		{D6D15E73-16A0-44DD-BF2E-552F24AC57FF}.Debug|Any CPU.ActiveCfg = Debug|Any CPU
		{D6D15E73-16A0-44DD-BF2E-552F24AC57FF}.Debug|Any CPU.Build.0 = Debug|Any CPU
		{D6D15E73-16A0-44DD-BF2E-552F24AC57FF}.Release|Any CPU.ActiveCfg = Release|Any CPU
		{D6D15E73-16A0-44DD-BF2E-552F24AC57FF}.Release|Any CPU.Build.0 = Release|Any CPU
	EndGlobalSection
	GlobalSection(SolutionProperties) = preSolution
		HideSolutionNode = FALSE
	EndGlobalSection
	GlobalSection(ExtensibilityGlobals) = postSolution
		SolutionGuid = {DB163E94-C9BE-468B-A704-9B994505E253}
	EndGlobalSection
EndGlobal
