
Microsoft Visual Studio Solution File, Format Version 12.00
# Visual Studio Version 16
VisualStudioVersion = 16.0.29020.237
MinimumVisualStudioVersion = 10.0.40219.1
Project("{FAE04EC0-301F-11D3-BF4B-00C04F79EFBC}") = "ConsoleBeep", "ConsoleBeep.csproj", "{9C4A43C2-F49B-4336-8D4F-DAA81D7A9BFB}"
EndProject
Global
	GlobalSection(SolutionConfigurationPlatforms) = preSolution
		Debug|Any CPU = Debug|Any CPU
		Release|Any CPU = Release|Any CPU
	EndGlobalSection
	GlobalSection(ProjectConfigurationPlatforms) = postSolution
		{9C4A43C2-F49B-4336-8D4F-DAA81D7A9BFB}.Debug|Any CPU.ActiveCfg = Debug|Any CPU
		{9C4A43C2-F49B-4336-8D4F-DAA81D7A9BFB}.Debug|Any CPU.Build.0 = Debug|Any CPU
		{9C4A43C2-F49B-4336-8D4F-DAA81D7A9BFB}.Release|Any CPU.ActiveCfg = Release|Any CPU
		{9C4A43C2-F49B-4336-8D4F-DAA81D7A9BFB}.Release|Any CPU.Build.0 = Release|Any CPU
	EndGlobalSection
	GlobalSection(SolutionProperties) = preSolution
		HideSolutionNode = FALSE
	EndGlobalSection
	GlobalSection(ExtensibilityGlobals) = postSolution
		SolutionGuid = {CC672E7A-CEB8-42FE-AC73-46327FE903FB}
	EndGlobalSection
EndGlobal
