
Microsoft Visual Studio Solution File, Format Version 12.00
# Visual Studio Version 16
VisualStudioVersion = 16.0.29102.190
MinimumVisualStudioVersion = 10.0.40219.1
Project("{FAE04EC0-301F-11D3-BF4B-00C04F79EFBC}") = "MinhaPrimeiraListaTipada", "MinhaPrimeiraListaTipada\MinhaPrimeiraListaTipada.csproj", "{8FE18717-CCBB-4D95-8356-23C13D0D025B}"
EndProject
Global
	GlobalSection(SolutionConfigurationPlatforms) = preSolution
		Debug|Any CPU = Debug|Any CPU
		Release|Any CPU = Release|Any CPU
	EndGlobalSection
	GlobalSection(ProjectConfigurationPlatforms) = postSolution
		{8FE18717-CCBB-4D95-8356-23C13D0D025B}.Debug|Any CPU.ActiveCfg = Debug|Any CPU
		{8FE18717-CCBB-4D95-8356-23C13D0D025B}.Debug|Any CPU.Build.0 = Debug|Any CPU
		{8FE18717-CCBB-4D95-8356-23C13D0D025B}.Release|Any CPU.ActiveCfg = Release|Any CPU
		{8FE18717-CCBB-4D95-8356-23C13D0D025B}.Release|Any CPU.Build.0 = Release|Any CPU
	EndGlobalSection
	GlobalSection(SolutionProperties) = preSolution
		HideSolutionNode = FALSE
	EndGlobalSection
	GlobalSection(ExtensibilityGlobals) = postSolution
		SolutionGuid = {73149E21-0676-4D8A-A6EF-31356D99A354}
	EndGlobalSection
EndGlobal
