
Microsoft Visual Studio Solution File, Format Version 12.00
# Visual Studio Version 16
VisualStudioVersion = 16.0.29102.190
MinimumVisualStudioVersion = 10.0.40219.1
Project("{FAE04EC0-301F-11D3-BF4B-00C04F79EFBC}") = "GridViewDbAcesso", "GridViewDbAcesso\GridViewDbAcesso.csproj", "{4BDE8B9B-1340-4702-89D2-CDAE1816BD70}"
EndProject
Global
	GlobalSection(SolutionConfigurationPlatforms) = preSolution
		Debug|Any CPU = Debug|Any CPU
		Release|Any CPU = Release|Any CPU
	EndGlobalSection
	GlobalSection(ProjectConfigurationPlatforms) = postSolution
		{4BDE8B9B-1340-4702-89D2-CDAE1816BD70}.Debug|Any CPU.ActiveCfg = Debug|Any CPU
		{4BDE8B9B-1340-4702-89D2-CDAE1816BD70}.Debug|Any CPU.Build.0 = Debug|Any CPU
		{4BDE8B9B-1340-4702-89D2-CDAE1816BD70}.Release|Any CPU.ActiveCfg = Release|Any CPU
		{4BDE8B9B-1340-4702-89D2-CDAE1816BD70}.Release|Any CPU.Build.0 = Release|Any CPU
	EndGlobalSection
	GlobalSection(SolutionProperties) = preSolution
		HideSolutionNode = FALSE
	EndGlobalSection
	GlobalSection(ExtensibilityGlobals) = postSolution
		SolutionGuid = {4C16A890-7139-46C3-8F34-31314E2B26AA}
	EndGlobalSection
EndGlobal
