
Microsoft Visual Studio Solution File, Format Version 12.00
# Visual Studio Version 16
VisualStudioVersion = 16.0.29102.190
MinimumVisualStudioVersion = 10.0.40219.1
Project("{FAE04EC0-301F-11D3-BF4B-00C04F79EFBC}") = "WebApplication1", "WebApplication1\WebApplication1.csproj", "{58D18B4E-E6EF-4384-A88C-CBDF6B091F50}"
EndProject
Global
	GlobalSection(SolutionConfigurationPlatforms) = preSolution
		Debug|Any CPU = Debug|Any CPU
		Release|Any CPU = Release|Any CPU
	EndGlobalSection
	GlobalSection(ProjectConfigurationPlatforms) = postSolution
		{58D18B4E-E6EF-4384-A88C-CBDF6B091F50}.Debug|Any CPU.ActiveCfg = Debug|Any CPU
		{58D18B4E-E6EF-4384-A88C-CBDF6B091F50}.Debug|Any CPU.Build.0 = Debug|Any CPU
		{58D18B4E-E6EF-4384-A88C-CBDF6B091F50}.Release|Any CPU.ActiveCfg = Release|Any CPU
		{58D18B4E-E6EF-4384-A88C-CBDF6B091F50}.Release|Any CPU.Build.0 = Release|Any CPU
	EndGlobalSection
	GlobalSection(SolutionProperties) = preSolution
		HideSolutionNode = FALSE
	EndGlobalSection
	GlobalSection(ExtensibilityGlobals) = postSolution
		SolutionGuid = {A928E504-EA1B-4521-A1E5-C9441B2E4329}
	EndGlobalSection
EndGlobal
