
Microsoft Visual Studio Solution File, Format Version 12.00
# Visual Studio Version 16
VisualStudioVersion = 16.0.29102.190
MinimumVisualStudioVersion = 10.0.40219.1
Project("{FAE04EC0-301F-11D3-BF4B-00C04F79EFBC}") = "AcessandoDLLDOAmiginh", "AcessandoDLLDOAmiginh\AcessandoDLLDOAmiginh.csproj", "{A5A066A0-14BD-4452-A543-C6A714B957EF}"
EndProject
Global
	GlobalSection(SolutionConfigurationPlatforms) = preSolution
		Debug|Any CPU = Debug|Any CPU
		Release|Any CPU = Release|Any CPU
	EndGlobalSection
	GlobalSection(ProjectConfigurationPlatforms) = postSolution
		{A5A066A0-14BD-4452-A543-C6A714B957EF}.Debug|Any CPU.ActiveCfg = Debug|Any CPU
		{A5A066A0-14BD-4452-A543-C6A714B957EF}.Debug|Any CPU.Build.0 = Debug|Any CPU
		{A5A066A0-14BD-4452-A543-C6A714B957EF}.Release|Any CPU.ActiveCfg = Release|Any CPU
		{A5A066A0-14BD-4452-A543-C6A714B957EF}.Release|Any CPU.Build.0 = Release|Any CPU
	EndGlobalSection
	GlobalSection(SolutionProperties) = preSolution
		HideSolutionNode = FALSE
	EndGlobalSection
	GlobalSection(ExtensibilityGlobals) = postSolution
		SolutionGuid = {B61447AB-7E9A-45E4-B520-BCA85C519782}
	EndGlobalSection
EndGlobal
