
Microsoft Visual Studio Solution File, Format Version 12.00
# Visual Studio Version 16
VisualStudioVersion = 16.0.29020.237
MinimumVisualStudioVersion = 10.0.40219.1
Project("{FAE04EC0-301F-11D3-BF4B-00C04F79EFBC}") = "ListaBiDeManeiraSimples", "ListaBiDeManeiraSimples.csproj", "{522EFFDF-B3A0-4657-BE90-DB34EC907459}"
EndProject
Global
	GlobalSection(SolutionConfigurationPlatforms) = preSolution
		Debug|Any CPU = Debug|Any CPU
		Release|Any CPU = Release|Any CPU
	EndGlobalSection
	GlobalSection(ProjectConfigurationPlatforms) = postSolution
		{522EFFDF-B3A0-4657-BE90-DB34EC907459}.Debug|Any CPU.ActiveCfg = Debug|Any CPU
		{522EFFDF-B3A0-4657-BE90-DB34EC907459}.Debug|Any CPU.Build.0 = Debug|Any CPU
		{522EFFDF-B3A0-4657-BE90-DB34EC907459}.Release|Any CPU.ActiveCfg = Release|Any CPU
		{522EFFDF-B3A0-4657-BE90-DB34EC907459}.Release|Any CPU.Build.0 = Release|Any CPU
	EndGlobalSection
	GlobalSection(SolutionProperties) = preSolution
		HideSolutionNode = FALSE
	EndGlobalSection
	GlobalSection(ExtensibilityGlobals) = postSolution
		SolutionGuid = {3337E47C-9B25-4667-B797-5441E2404021}
	EndGlobalSection
EndGlobal
