
Microsoft Visual Studio Solution File, Format Version 12.00
# Visual Studio Version 16
VisualStudioVersion = 16.0.29020.237
MinimumVisualStudioVersion = 10.0.40219.1
Project("{FAE04EC0-301F-11D3-BF4B-00C04F79EFBC}") = "ConsoleArrayBi", "ConsoleArrayBi.csproj", "{6576D48E-6DB2-42D5-A2F1-EF292DC807FF}"
EndProject
Global
	GlobalSection(SolutionConfigurationPlatforms) = preSolution
		Debug|Any CPU = Debug|Any CPU
		Release|Any CPU = Release|Any CPU
	EndGlobalSection
	GlobalSection(ProjectConfigurationPlatforms) = postSolution
		{6576D48E-6DB2-42D5-A2F1-EF292DC807FF}.Debug|Any CPU.ActiveCfg = Debug|Any CPU
		{6576D48E-6DB2-42D5-A2F1-EF292DC807FF}.Debug|Any CPU.Build.0 = Debug|Any CPU
		{6576D48E-6DB2-42D5-A2F1-EF292DC807FF}.Release|Any CPU.ActiveCfg = Release|Any CPU
		{6576D48E-6DB2-42D5-A2F1-EF292DC807FF}.Release|Any CPU.Build.0 = Release|Any CPU
	EndGlobalSection
	GlobalSection(SolutionProperties) = preSolution
		HideSolutionNode = FALSE
	EndGlobalSection
	GlobalSection(ExtensibilityGlobals) = postSolution
		SolutionGuid = {407CB84B-C3FA-4A83-953C-D668E47D0B34}
	EndGlobalSection
EndGlobal
