
Microsoft Visual Studio Solution File, Format Version 12.00
# Visual Studio Version 16
VisualStudioVersion = 16.0.29102.190
MinimumVisualStudioVersion = 10.0.40219.1
Project("{FAE04EC0-301F-11D3-BF4B-00C04F79EFBC}") = "ListaBiManeiraSimplesComClass", "ListaBiManeiraSimplesComClass.csproj", "{C7FBCE7A-A2D2-4E3B-B2D2-CB2EBB8B8FD0}"
EndProject
Global
	GlobalSection(SolutionConfigurationPlatforms) = preSolution
		Debug|Any CPU = Debug|Any CPU
		Release|Any CPU = Release|Any CPU
	EndGlobalSection
	GlobalSection(ProjectConfigurationPlatforms) = postSolution
		{C7FBCE7A-A2D2-4E3B-B2D2-CB2EBB8B8FD0}.Debug|Any CPU.ActiveCfg = Debug|Any CPU
		{C7FBCE7A-A2D2-4E3B-B2D2-CB2EBB8B8FD0}.Debug|Any CPU.Build.0 = Debug|Any CPU
		{C7FBCE7A-A2D2-4E3B-B2D2-CB2EBB8B8FD0}.Release|Any CPU.ActiveCfg = Release|Any CPU
		{C7FBCE7A-A2D2-4E3B-B2D2-CB2EBB8B8FD0}.Release|Any CPU.Build.0 = Release|Any CPU
	EndGlobalSection
	GlobalSection(SolutionProperties) = preSolution
		HideSolutionNode = FALSE
	EndGlobalSection
	GlobalSection(ExtensibilityGlobals) = postSolution
		SolutionGuid = {1A66DF14-8DC4-4E2E-AFBF-5EC00D2340FF}
	EndGlobalSection
EndGlobal
