
Microsoft Visual Studio Solution File, Format Version 12.00
# Visual Studio Version 16
VisualStudioVersion = 16.0.29102.190
MinimumVisualStudioVersion = 10.0.40219.1
Project("{FAE04EC0-301F-11D3-BF4B-00C04F79EFBC}") = "ClassesEscola", "ClassesEscola\ClassesEscola.csproj", "{4C35A74D-0C96-455F-8900-F2BE352DE279}"
EndProject
Project("{FAE04EC0-301F-11D3-BF4B-00C04F79EFBC}") = "GestorEscola", "GestorEscola\GestorEscola.csproj", "{3045928C-2F0C-4D71-A0CE-18B0BF879845}"
EndProject
Global
	GlobalSection(SolutionConfigurationPlatforms) = preSolution
		Debug|Any CPU = Debug|Any CPU
		Release|Any CPU = Release|Any CPU
	EndGlobalSection
	GlobalSection(ProjectConfigurationPlatforms) = postSolution
		{4C35A74D-0C96-455F-8900-F2BE352DE279}.Debug|Any CPU.ActiveCfg = Debug|Any CPU
		{4C35A74D-0C96-455F-8900-F2BE352DE279}.Debug|Any CPU.Build.0 = Debug|Any CPU
		{4C35A74D-0C96-455F-8900-F2BE352DE279}.Release|Any CPU.ActiveCfg = Release|Any CPU
		{4C35A74D-0C96-455F-8900-F2BE352DE279}.Release|Any CPU.Build.0 = Release|Any CPU
		{3045928C-2F0C-4D71-A0CE-18B0BF879845}.Debug|Any CPU.ActiveCfg = Debug|Any CPU
		{3045928C-2F0C-4D71-A0CE-18B0BF879845}.Debug|Any CPU.Build.0 = Debug|Any CPU
		{3045928C-2F0C-4D71-A0CE-18B0BF879845}.Release|Any CPU.ActiveCfg = Release|Any CPU
		{3045928C-2F0C-4D71-A0CE-18B0BF879845}.Release|Any CPU.Build.0 = Release|Any CPU
	EndGlobalSection
	GlobalSection(SolutionProperties) = preSolution
		HideSolutionNode = FALSE
	EndGlobalSection
	GlobalSection(ExtensibilityGlobals) = postSolution
		SolutionGuid = {5B20189C-5E65-4B10-87BA-088544A80035}
	EndGlobalSection
EndGlobal
