
Microsoft Visual Studio Solution File, Format Version 12.00
# Visual Studio Version 16
VisualStudioVersion = 16.0.29102.190
MinimumVisualStudioVersion = 10.0.40219.1
Project("{FAE04EC0-301F-11D3-BF4B-00C04F79EFBC}") = "MyFirstWinForms", "MyFirstWinForms\MyFirstWinForms.csproj", "{A6260865-2599-46D6-9217-37DA6FC32204}"
EndProject
Global
	GlobalSection(SolutionConfigurationPlatforms) = preSolution
		Debug|Any CPU = Debug|Any CPU
		Release|Any CPU = Release|Any CPU
	EndGlobalSection
	GlobalSection(ProjectConfigurationPlatforms) = postSolution
		{A6260865-2599-46D6-9217-37DA6FC32204}.Debug|Any CPU.ActiveCfg = Debug|Any CPU
		{A6260865-2599-46D6-9217-37DA6FC32204}.Debug|Any CPU.Build.0 = Debug|Any CPU
		{A6260865-2599-46D6-9217-37DA6FC32204}.Release|Any CPU.ActiveCfg = Release|Any CPU
		{A6260865-2599-46D6-9217-37DA6FC32204}.Release|Any CPU.Build.0 = Release|Any CPU
	EndGlobalSection
	GlobalSection(SolutionProperties) = preSolution
		HideSolutionNode = FALSE
	EndGlobalSection
	GlobalSection(ExtensibilityGlobals) = postSolution
		SolutionGuid = {7FAA1E1F-2FC9-4720-A002-538051DD7CD5}
	EndGlobalSection
EndGlobal
