
Microsoft Visual Studio Solution File, Format Version 12.00
# Visual Studio Version 16
VisualStudioVersion = 16.0.29102.190
MinimumVisualStudioVersion = 10.0.40219.1
Project("{FAE04EC0-301F-11D3-BF4B-00C04F79EFBC}") = "SistemaCantinaGG", "SistemaCantinaGG\SistemaCantinaGG.csproj", "{F8B4B4C1-348A-4A20-9C36-1FA6224A7466}"
EndProject
Global
	GlobalSection(SolutionConfigurationPlatforms) = preSolution
		Debug|Any CPU = Debug|Any CPU
		Release|Any CPU = Release|Any CPU
	EndGlobalSection
	GlobalSection(ProjectConfigurationPlatforms) = postSolution
		{F8B4B4C1-348A-4A20-9C36-1FA6224A7466}.Debug|Any CPU.ActiveCfg = Debug|Any CPU
		{F8B4B4C1-348A-4A20-9C36-1FA6224A7466}.Debug|Any CPU.Build.0 = Debug|Any CPU
		{F8B4B4C1-348A-4A20-9C36-1FA6224A7466}.Release|Any CPU.ActiveCfg = Release|Any CPU
		{F8B4B4C1-348A-4A20-9C36-1FA6224A7466}.Release|Any CPU.Build.0 = Release|Any CPU
	EndGlobalSection
	GlobalSection(SolutionProperties) = preSolution
		HideSolutionNode = FALSE
	EndGlobalSection
	GlobalSection(ExtensibilityGlobals) = postSolution
		SolutionGuid = {FED9B9B1-FDDC-4E2A-9CB7-401597F1B7B4}
	EndGlobalSection
EndGlobal
