
Microsoft Visual Studio Solution File, Format Version 12.00
# Visual Studio Version 16
VisualStudioVersion = 16.0.29102.190
MinimumVisualStudioVersion = 10.0.40219.1
Project("{FAE04EC0-301F-11D3-BF4B-00C04F79EFBC}") = "CadastroDeLanches", "CadastroDeLanches\CadastroDeLanches.csproj", "{4EEDF56D-B724-4E00-B5F2-1C63DE94173F}"
EndProject
Global
	GlobalSection(SolutionConfigurationPlatforms) = preSolution
		Debug|Any CPU = Debug|Any CPU
		Release|Any CPU = Release|Any CPU
	EndGlobalSection
	GlobalSection(ProjectConfigurationPlatforms) = postSolution
		{4EEDF56D-B724-4E00-B5F2-1C63DE94173F}.Debug|Any CPU.ActiveCfg = Debug|Any CPU
		{4EEDF56D-B724-4E00-B5F2-1C63DE94173F}.Debug|Any CPU.Build.0 = Debug|Any CPU
		{4EEDF56D-B724-4E00-B5F2-1C63DE94173F}.Release|Any CPU.ActiveCfg = Release|Any CPU
		{4EEDF56D-B724-4E00-B5F2-1C63DE94173F}.Release|Any CPU.Build.0 = Release|Any CPU
	EndGlobalSection
	GlobalSection(SolutionProperties) = preSolution
		HideSolutionNode = FALSE
	EndGlobalSection
	GlobalSection(ExtensibilityGlobals) = postSolution
		SolutionGuid = {12FCD164-5B1F-41B0-B254-D39C22D48355}
	EndGlobalSection
EndGlobal
