
Microsoft Visual Studio Solution File, Format Version 12.00
# Visual Studio Version 16
VisualStudioVersion = 16.0.29102.190
MinimumVisualStudioVersion = 10.0.40219.1
Project("{FAE04EC0-301F-11D3-BF4B-00C04F79EFBC}") = "WpfApp2", "WpfApp2\WpfApp2.csproj", "{61CE2954-1268-4AA5-89E5-CCF582CE0230}"
EndProject
Global
	GlobalSection(SolutionConfigurationPlatforms) = preSolution
		Debug|Any CPU = Debug|Any CPU
		Release|Any CPU = Release|Any CPU
	EndGlobalSection
	GlobalSection(ProjectConfigurationPlatforms) = postSolution
		{61CE2954-1268-4AA5-89E5-CCF582CE0230}.Debug|Any CPU.ActiveCfg = Debug|Any CPU
		{61CE2954-1268-4AA5-89E5-CCF582CE0230}.Debug|Any CPU.Build.0 = Debug|Any CPU
		{61CE2954-1268-4AA5-89E5-CCF582CE0230}.Release|Any CPU.ActiveCfg = Release|Any CPU
		{61CE2954-1268-4AA5-89E5-CCF582CE0230}.Release|Any CPU.Build.0 = Release|Any CPU
	EndGlobalSection
	GlobalSection(SolutionProperties) = preSolution
		HideSolutionNode = FALSE
	EndGlobalSection
	GlobalSection(ExtensibilityGlobals) = postSolution
		SolutionGuid = {2CD61981-6A2F-426A-81EF-4874455502A1}
	EndGlobalSection
EndGlobal
