
Microsoft Visual Studio Solution File, Format Version 12.00
# Visual Studio Version 16
VisualStudioVersion = 16.0.29102.190
MinimumVisualStudioVersion = 10.0.40219.1
Project("{FAE04EC0-301F-11D3-BF4B-00C04F79EFBC}") = "WindowsService1", "WindowsService1\WindowsService1.csproj", "{E6B81555-9636-4E11-85DB-3DADF14BFC40}"
EndProject
Global
	GlobalSection(SolutionConfigurationPlatforms) = preSolution
		Debug|Any CPU = Debug|Any CPU
		Release|Any CPU = Release|Any CPU
	EndGlobalSection
	GlobalSection(ProjectConfigurationPlatforms) = postSolution
		{E6B81555-9636-4E11-85DB-3DADF14BFC40}.Debug|Any CPU.ActiveCfg = Debug|Any CPU
		{E6B81555-9636-4E11-85DB-3DADF14BFC40}.Debug|Any CPU.Build.0 = Debug|Any CPU
		{E6B81555-9636-4E11-85DB-3DADF14BFC40}.Release|Any CPU.ActiveCfg = Release|Any CPU
		{E6B81555-9636-4E11-85DB-3DADF14BFC40}.Release|Any CPU.Build.0 = Release|Any CPU
	EndGlobalSection
	GlobalSection(SolutionProperties) = preSolution
		HideSolutionNode = FALSE
	EndGlobalSection
	GlobalSection(ExtensibilityGlobals) = postSolution
		SolutionGuid = {A564F301-93C4-4C7B-A8BB-96A6916728FB}
	EndGlobalSection
EndGlobal
