
Microsoft Visual Studio Solution File, Format Version 12.00
# Visual Studio Version 16
VisualStudioVersion = 16.0.29102.190
MinimumVisualStudioVersion = 10.0.40219.1
Project("{FAE04EC0-301F-11D3-BF4B-00C04F79EFBC}") = "Teste", "Teste\Teste.csproj", "{1BF954D3-99F5-43B7-9EA7-A94C31014251}"
EndProject
Global
	GlobalSection(SolutionConfigurationPlatforms) = preSolution
		Debug|Any CPU = Debug|Any CPU
		Release|Any CPU = Release|Any CPU
	EndGlobalSection
	GlobalSection(ProjectConfigurationPlatforms) = postSolution
		{1BF954D3-99F5-43B7-9EA7-A94C31014251}.Debug|Any CPU.ActiveCfg = Debug|Any CPU
		{1BF954D3-99F5-43B7-9EA7-A94C31014251}.Debug|Any CPU.Build.0 = Debug|Any CPU
		{1BF954D3-99F5-43B7-9EA7-A94C31014251}.Release|Any CPU.ActiveCfg = Release|Any CPU
		{1BF954D3-99F5-43B7-9EA7-A94C31014251}.Release|Any CPU.Build.0 = Release|Any CPU
	EndGlobalSection
	GlobalSection(SolutionProperties) = preSolution
		HideSolutionNode = FALSE
	EndGlobalSection
	GlobalSection(ExtensibilityGlobals) = postSolution
		SolutionGuid = {849DCCC0-996C-49A1-AC87-2E5D32B42481}
	EndGlobalSection
EndGlobal
