
Microsoft Visual Studio Solution File, Format Version 12.00
# Visual Studio Version 16
VisualStudioVersion = 16.0.29102.190
MinimumVisualStudioVersion = 10.0.40219.1
Project("{FAE04EC0-301F-11D3-BF4B-00C04F79EFBC}") = "WebApplication8", "WebApplication8\WebApplication8.csproj", "{1FB136B3-F38C-4A93-840D-EB48418D86F3}"
EndProject
Global
	GlobalSection(SolutionConfigurationPlatforms) = preSolution
		Debug|Any CPU = Debug|Any CPU
		Release|Any CPU = Release|Any CPU
	EndGlobalSection
	GlobalSection(ProjectConfigurationPlatforms) = postSolution
		{1FB136B3-F38C-4A93-840D-EB48418D86F3}.Debug|Any CPU.ActiveCfg = Debug|Any CPU
		{1FB136B3-F38C-4A93-840D-EB48418D86F3}.Debug|Any CPU.Build.0 = Debug|Any CPU
		{1FB136B3-F38C-4A93-840D-EB48418D86F3}.Release|Any CPU.ActiveCfg = Release|Any CPU
		{1FB136B3-F38C-4A93-840D-EB48418D86F3}.Release|Any CPU.Build.0 = Release|Any CPU
	EndGlobalSection
	GlobalSection(SolutionProperties) = preSolution
		HideSolutionNode = FALSE
	EndGlobalSection
	GlobalSection(ExtensibilityGlobals) = postSolution
		SolutionGuid = {0F680565-827B-494B-8C0F-DF1BAEFE127E}
	EndGlobalSection
EndGlobal
