
Microsoft Visual Studio Solution File, Format Version 12.00
# Visual Studio Version 16
VisualStudioVersion = 16.0.29020.237
MinimumVisualStudioVersion = 10.0.40219.1
Project("{FAE04EC0-301F-11D3-BF4B-00C04F79EFBC}") = "Como UtilizarOref", "Como UtilizarOref.csproj", "{96E3F1A0-5195-4E67-8ED9-AD3DD8319E52}"
EndProject
Global
	GlobalSection(SolutionConfigurationPlatforms) = preSolution
		Debug|Any CPU = Debug|Any CPU
		Release|Any CPU = Release|Any CPU
	EndGlobalSection
	GlobalSection(ProjectConfigurationPlatforms) = postSolution
		{96E3F1A0-5195-4E67-8ED9-AD3DD8319E52}.Debug|Any CPU.ActiveCfg = Debug|Any CPU
		{96E3F1A0-5195-4E67-8ED9-AD3DD8319E52}.Debug|Any CPU.Build.0 = Debug|Any CPU
		{96E3F1A0-5195-4E67-8ED9-AD3DD8319E52}.Release|Any CPU.ActiveCfg = Release|Any CPU
		{96E3F1A0-5195-4E67-8ED9-AD3DD8319E52}.Release|Any CPU.Build.0 = Release|Any CPU
	EndGlobalSection
	GlobalSection(SolutionProperties) = preSolution
		HideSolutionNode = FALSE
	EndGlobalSection
	GlobalSection(ExtensibilityGlobals) = postSolution
		SolutionGuid = {94544825-4ADD-44D1-A585-FC7800EE3C13}
	EndGlobalSection
EndGlobal
