
Microsoft Visual Studio Solution File, Format Version 12.00
# Visual Studio Version 16
VisualStudioVersion = 16.0.29102.190
MinimumVisualStudioVersion = 10.0.40219.1
Project("{FAE04EC0-301F-11D3-BF4B-00C04F79EFBC}") = "MostrarJoinhaClass", "MostrarJoinhaClass\MostrarJoinhaClass.csproj", "{B6E4543F-D745-41BF-AAF5-D2BFDA668745}"
EndProject
Project("{FAE04EC0-301F-11D3-BF4B-00C04F79EFBC}") = "UsandoBibliotecaJoinha", "UsandoBibliotecaJoinha\UsandoBibliotecaJoinha.csproj", "{C13D4145-EAC8-4310-8C6B-B8493D60A854}"
EndProject
Global
	GlobalSection(SolutionConfigurationPlatforms) = preSolution
		Debug|Any CPU = Debug|Any CPU
		Release|Any CPU = Release|Any CPU
	EndGlobalSection
	GlobalSection(ProjectConfigurationPlatforms) = postSolution
		{B6E4543F-D745-41BF-AAF5-D2BFDA668745}.Debug|Any CPU.ActiveCfg = Debug|Any CPU
		{B6E4543F-D745-41BF-AAF5-D2BFDA668745}.Release|Any CPU.ActiveCfg = Release|Any CPU
		{B6E4543F-D745-41BF-AAF5-D2BFDA668745}.Release|Any CPU.Build.0 = Release|Any CPU
		{C13D4145-EAC8-4310-8C6B-B8493D60A854}.Debug|Any CPU.ActiveCfg = Debug|Any CPU
		{C13D4145-EAC8-4310-8C6B-B8493D60A854}.Debug|Any CPU.Build.0 = Debug|Any CPU
		{C13D4145-EAC8-4310-8C6B-B8493D60A854}.Release|Any CPU.ActiveCfg = Release|Any CPU
		{C13D4145-EAC8-4310-8C6B-B8493D60A854}.Release|Any CPU.Build.0 = Release|Any CPU
	EndGlobalSection
	GlobalSection(SolutionProperties) = preSolution
		HideSolutionNode = FALSE
	EndGlobalSection
	GlobalSection(ExtensibilityGlobals) = postSolution
		SolutionGuid = {495D8961-12DD-42C8-82FA-1B64C3822185}
	EndGlobalSection
EndGlobal
